
Microsoft Visual Studio Solution File, Format Version 12.00
Project("{FAE04EC0-301F-11D3-BF4B-00C04F79EFBC}") = "Mission2_Assignment", "Mission2_Assignment.csproj", "{3D978131-598C-4B0C-A717-B12488BF326F}"
EndProject
Global
	GlobalSection(SolutionConfigurationPlatforms) = preSolution
		Debug|Any CPU = Debug|Any CPU
		Release|Any CPU = Release|Any CPU
	EndGlobalSection
	GlobalSection(ProjectConfigurationPlatforms) = postSolution
		{3D978131-598C-4B0C-A717-B12488BF326F}.Debug|Any CPU.ActiveCfg = Debug|Any CPU
		{3D978131-598C-4B0C-A717-B12488BF326F}.Debug|Any CPU.Build.0 = Debug|Any CPU
		{3D978131-598C-4B0C-A717-B12488BF326F}.Release|Any CPU.ActiveCfg = Release|Any CPU
		{3D978131-598C-4B0C-A717-B12488BF326F}.Release|Any CPU.Build.0 = Release|Any CPU
	EndGlobalSection
EndGlobal
